
Microsoft Visual Studio Solution File, Format Version 12.00
# Visual Studio Version 17
VisualStudioVersion = 17.4.33103.184
MinimumVisualStudioVersion = 10.0.40219.1
Project("{FAE04EC0-301F-11D3-BF4B-00C04F79EFBC}") = "AsyncDemo", "AsyncDemo\AsyncDemo.csproj", "{EB0D5241-A083-4C93-B6EC-CDBC62E6CAEB}"
EndProject
Global
	GlobalSection(SolutionConfigurationPlatforms) = preSolution
		Debug|Any CPU = Debug|Any CPU
		Release|Any CPU = Release|Any CPU
	EndGlobalSection
	GlobalSection(ProjectConfigurationPlatforms) = postSolution
		{EB0D5241-A083-4C93-B6EC-CDBC62E6CAEB}.Debug|Any CPU.ActiveCfg = Debug|Any CPU
		{EB0D5241-A083-4C93-B6EC-CDBC62E6CAEB}.Debug|Any CPU.Build.0 = Debug|Any CPU
		{EB0D5241-A083-4C93-B6EC-CDBC62E6CAEB}.Release|Any CPU.ActiveCfg = Release|Any CPU
		{EB0D5241-A083-4C93-B6EC-CDBC62E6CAEB}.Release|Any CPU.Build.0 = Release|Any CPU
	EndGlobalSection
	GlobalSection(SolutionProperties) = preSolution
		HideSolutionNode = FALSE
	EndGlobalSection
	GlobalSection(ExtensibilityGlobals) = postSolution
		SolutionGuid = {931705E2-2241-4645-ABFA-7CF32DD075A4}
	EndGlobalSection
EndGlobal
